
Microsoft Visual Studio Solution File, Format Version 12.00
# Visual Studio 15
VisualStudioVersion = 15.0.27703.2000
MinimumVisualStudioVersion = 10.0.40219.1
Project("{9A19103F-16F7-4668-BE54-9A1E7A4F7556}") = "WebApi", "WebApplication1\WebApi.csproj", "{38DDB4E5-2CF8-467B-A76D-0D3DC5670BC5}"
EndProject
Project("{9A19103F-16F7-4668-BE54-9A1E7A4F7556}") = "MVC", "MVC\MVC.csproj", "{2B23D6B3-3F7F-4B16-8439-4B87CDED36AE}"
EndProject
Global
	GlobalSection(SolutionConfigurationPlatforms) = preSolution
		Debug|Any CPU = Debug|Any CPU
		Release|Any CPU = Release|Any CPU
	EndGlobalSection
	GlobalSection(ProjectConfigurationPlatforms) = postSolution
		{38DDB4E5-2CF8-467B-A76D-0D3DC5670BC5}.Debug|Any CPU.ActiveCfg = Debug|Any CPU
		{38DDB4E5-2CF8-467B-A76D-0D3DC5670BC5}.Debug|Any CPU.Build.0 = Debug|Any CPU
		{38DDB4E5-2CF8-467B-A76D-0D3DC5670BC5}.Release|Any CPU.ActiveCfg = Release|Any CPU
		{38DDB4E5-2CF8-467B-A76D-0D3DC5670BC5}.Release|Any CPU.Build.0 = Release|Any CPU
		{2B23D6B3-3F7F-4B16-8439-4B87CDED36AE}.Debug|Any CPU.ActiveCfg = Debug|Any CPU
		{2B23D6B3-3F7F-4B16-8439-4B87CDED36AE}.Debug|Any CPU.Build.0 = Debug|Any CPU
		{2B23D6B3-3F7F-4B16-8439-4B87CDED36AE}.Release|Any CPU.ActiveCfg = Release|Any CPU
		{2B23D6B3-3F7F-4B16-8439-4B87CDED36AE}.Release|Any CPU.Build.0 = Release|Any CPU
	EndGlobalSection
	GlobalSection(SolutionProperties) = preSolution
		HideSolutionNode = FALSE
	EndGlobalSection
	GlobalSection(ExtensibilityGlobals) = postSolution
		SolutionGuid = {5CE1C07E-9E19-49FC-ADB9-EDA2EF4E7906}
	EndGlobalSection
EndGlobal
